# This file was autogenerated by Stack.
# You should not edit this file by hand.
# For more information, please see the documentation at:
#   https://docs.haskellstack.org/en/stable/lock_files

packages:
- completed:
    hackage: some-dict-of-0.1.0.0@sha256:86b430a1cc30b2edbc15381c1c524a58228e87987293db1c4ab340516d20420c,1334
    pantry-tree:
      size: 366
      sha256: 8a1b8b942434a31b6496d5d5b28c24457bdba8c892097b179acfecdee6f75b76
  original:
    hackage: some-dict-of-0.1.0.0
snapshots:
- completed:
    size: 585817
    url: https://raw.githubusercontent.com/commercialhaskell/stackage-snapshots/master/lts/18/5.yaml
    sha256: 22d24d0dacad9c1450b9a174c28d203f9bb482a2a8da9710a2f2a9f4afee2887
  original:
    url: https://raw.githubusercontent.com/commercialhaskell/stackage-snapshots/master/lts/18/5.yaml
